# This is a Gradle generated file for dependency locking.
# Manual edits can break the build and are not advised.
# This file is expected to be part of source control.
com.ethlo.time:itu:1.10.3=testCompileClasspath,testRuntimeClasspath
com.fasterxml.jackson.core:jackson-annotations:2.18.11=dokkaHtmlGeneratorRuntimeResolver~internal,testCompileClasspath,testRuntimeClasspath
com.fasterxml.jackson.core:jackson-core:2.18.11=dokkaHtmlGeneratorRuntimeResolver~internal,testCompileClasspath,testRuntimeClasspath
com.fasterxml.jackson.core:jackson-databind:2.18.11=dokkaHtmlGeneratorRuntimeResolver~internal,testCompileClasspath,testRuntimeClasspath
com.fasterxml.jackson.dataformat:jackson-dataformat-xml:2.18.11=dokkaHtmlGeneratorRuntimeResolver~internal
com.fasterxml.jackson.dataformat:jackson-dataformat-yaml:2.18.11=testCompileClasspath,testRuntimeClasspath
com.fasterxml.jackson.datatype:jackson-datatype-jsr310:2.18.11=testCompileClasspath,testRuntimeClasspath
com.fasterxml.jackson.module:jackson-module-kotlin:2.18.11=dokkaHtmlGeneratorRuntimeResolver~internal
com.fasterxml.jackson:jackson-bom:2.18.11=dokkaHtmlGeneratorRuntimeResolver~internal,testCompileClasspath,testRuntimeClasspath
com.fasterxml.woodstox:woodstox-core:7.0.0=dokkaHtmlGeneratorRuntimeResolver~internal
com.github.jknack:handlebars-helpers:4.3.1=testCompileClasspath,testRuntimeClasspath
com.github.jknack:handlebars:4.3.1=testCompileClasspath,testRuntimeClasspath
com.google.code.gson:gson:2.11.0=runtimeClasspath
com.google.code.gson:gson:2.13.2=testCompileClasspath,testRuntimeClasspath
com.google.errorprone:error_prone_annotations:2.27.0=runtimeClasspath
com.google.errorprone:error_prone_annotations:2.41.0=testCompileClasspath,testRuntimeClasspath
com.google.guava:failureaccess:1.0.3=testCompileClasspath,testRuntimeClasspath
com.google.guava:guava:33.4.8-jre=testCompileClasspath,testRuntimeClasspath
com.google.guava:listenablefuture:9999.0-empty-to-avoid-conflict-with-guava=testCompileClasspath,testRuntimeClasspath
com.google.j2objc:j2objc-annotations:3.0.0=testCompileClasspath,testRuntimeClasspath
com.jayway.jsonpath:json-path:2.9.0=testCompileClasspath,testRuntimeClasspath
com.networknt:json-schema-validator:1.5.7=testCompileClasspath,testRuntimeClasspath
commons-fileupload:commons-fileupload:1.6.0=testCompileClasspath,testRuntimeClasspath
commons-io:commons-io:2.19.0=testCompileClasspath,testRuntimeClasspath
group.phorus:exception-core:1.1.1=compileClasspath,runtimeClasspath,testCompileClasspath,testRuntimeClasspath
io.github.java-diff-utils:java-diff-utils:4.12=kotlinInternalAbiValidation
io.jsonwebtoken:jjwt-api:0.13.0=compileClasspath,runtimeClasspath,testCompileClasspath,testRuntimeClasspath
io.jsonwebtoken:jjwt-gson:0.13.0=runtimeClasspath,testRuntimeClasspath
io.jsonwebtoken:jjwt-impl:0.13.0=runtimeClasspath,testRuntimeClasspath
jakarta.servlet:jakarta.servlet-api:6.0.0=testCompileClasspath,testRuntimeClasspath
net.bytebuddy:byte-buddy-agent:1.17.7=testCompileClasspath,testRuntimeClasspath
net.bytebuddy:byte-buddy:1.17.7=testCompileClasspath,testRuntimeClasspath
net.javacrumbs.json-unit:json-unit-core:2.40.1=testCompileClasspath,testRuntimeClasspath
net.minidev:accessors-smart:2.5.0=testRuntimeClasspath
net.minidev:json-smart:2.5.0=testRuntimeClasspath
net.sf.jopt-simple:jopt-simple:5.0.4=testCompileClasspath,testRuntimeClasspath
org.apache.httpcomponents.client5:httpclient5:5.5=testCompileClasspath,testRuntimeClasspath
org.apache.httpcomponents.core5:httpcore5-h2:5.3.4=testCompileClasspath,testRuntimeClasspath
org.apache.httpcomponents.core5:httpcore5:5.3.4=testCompileClasspath,testRuntimeClasspath
org.apiguardian:apiguardian-api:1.1.2=testCompileClasspath
org.bouncycastle:bcpg-jdk18on:1.85=kotlinBouncyCastleConfiguration
org.bouncycastle:bcpkix-jdk18on:1.85=kotlinBouncyCastleConfiguration
org.bouncycastle:bcprov-jdk18on:1.85=kotlinBouncyCastleConfiguration,runtimeClasspath,testRuntimeClasspath
org.bouncycastle:bcutil-jdk18on:1.85=kotlinBouncyCastleConfiguration
org.codehaus.woodstox:stax2-api:4.2.2=dokkaHtmlGeneratorRuntimeResolver~internal
org.eclipse.jetty.ee10:jetty-ee10-bom:12.0.16=testCompileClasspath,testRuntimeClasspath
org.eclipse.jetty.ee10:jetty-ee10-servlet:12.0.16=testCompileClasspath,testRuntimeClasspath
org.eclipse.jetty.ee10:jetty-ee10-servlets:12.0.16=testCompileClasspath,testRuntimeClasspath
org.eclipse.jetty.ee10:jetty-ee10-webapp:12.0.16=testCompileClasspath,testRuntimeClasspath
org.eclipse.jetty.http2:jetty-http2-common:12.0.16=testCompileClasspath,testRuntimeClasspath
org.eclipse.jetty.http2:jetty-http2-hpack:12.0.16=testCompileClasspath,testRuntimeClasspath
org.eclipse.jetty.http2:jetty-http2-server:12.0.16=testCompileClasspath,testRuntimeClasspath
org.eclipse.jetty:jetty-alpn-client:12.0.16=testCompileClasspath,testRuntimeClasspath
org.eclipse.jetty:jetty-alpn-java-client:12.0.16=testCompileClasspath,testRuntimeClasspath
org.eclipse.jetty:jetty-alpn-java-server:12.0.16=testCompileClasspath,testRuntimeClasspath
org.eclipse.jetty:jetty-alpn-server:12.0.16=testCompileClasspath,testRuntimeClasspath
org.eclipse.jetty:jetty-bom:12.0.16=testCompileClasspath,testRuntimeClasspath
org.eclipse.jetty:jetty-client:12.0.16=testCompileClasspath,testRuntimeClasspath
org.eclipse.jetty:jetty-ee:12.0.16=testCompileClasspath,testRuntimeClasspath
org.eclipse.jetty:jetty-http:12.0.16=testCompileClasspath,testRuntimeClasspath
org.eclipse.jetty:jetty-io:12.0.16=testCompileClasspath,testRuntimeClasspath
org.eclipse.jetty:jetty-proxy:12.0.16=testCompileClasspath,testRuntimeClasspath
org.eclipse.jetty:jetty-security:12.0.16=testCompileClasspath,testRuntimeClasspath
org.eclipse.jetty:jetty-server:12.0.16=testCompileClasspath,testRuntimeClasspath
org.eclipse.jetty:jetty-session:12.0.16=testCompileClasspath,testRuntimeClasspath
org.eclipse.jetty:jetty-util:12.0.16=testCompileClasspath,testRuntimeClasspath
org.eclipse.jetty:jetty-xml:12.0.16=testCompileClasspath,testRuntimeClasspath
org.freemarker:freemarker:2.3.35=dokkaHtmlGeneratorRuntimeResolver~internal
org.hamcrest:hamcrest-core:2.2=testCompileClasspath,testRuntimeClasspath
org.hamcrest:hamcrest:2.2=testCompileClasspath,testRuntimeClasspath
org.jacoco:org.jacoco.agent:0.8.13=jacocoAgent,jacocoAnt
org.jacoco:org.jacoco.ant:0.8.13=jacocoAnt
org.jacoco:org.jacoco.core:0.8.13=jacocoAnt
org.jacoco:org.jacoco.report:0.8.13=jacocoAnt
org.jetbrains.dokka:analysis-kotlin-symbols:2.1.0=dokkaHtmlGeneratorRuntimeResolver~internal
org.jetbrains.dokka:analysis-markdown:2.1.0=dokkaHtmlGeneratorRuntimeResolver~internal
org.jetbrains.dokka:dokka-base:2.1.0=dokkaHtmlGeneratorRuntimeResolver~internal,dokkaHtmlPluginIntransitiveResolver~internal
org.jetbrains.dokka:dokka-core:2.1.0=dokkaHtmlGeneratorRuntimeResolver~internal
org.jetbrains.dokka:templating-plugin:2.1.0=dokkaHtmlGeneratorRuntimeResolver~internal,dokkaHtmlPluginIntransitiveResolver~internal
org.jetbrains.kotlin:abi-tools-api:2.3.10=kotlinInternalAbiValidation
org.jetbrains.kotlin:abi-tools:2.3.10=kotlinInternalAbiValidation
org.jetbrains.kotlin:kotlin-build-tools-api:2.3.10=kotlinBuildToolsApiClasspath
org.jetbrains.kotlin:kotlin-build-tools-compat:2.3.10=kotlinBuildToolsApiClasspath
org.jetbrains.kotlin:kotlin-build-tools-impl:2.3.10=kotlinBuildToolsApiClasspath
org.jetbrains.kotlin:kotlin-compiler-embeddable:2.3.10=kotlinBuildToolsApiClasspath,kotlinCompilerClasspath,kotlinKlibCommonizerClasspath
org.jetbrains.kotlin:kotlin-compiler-runner:2.3.10=kotlinBuildToolsApiClasspath
org.jetbrains.kotlin:kotlin-daemon-client:2.3.10=kotlinBuildToolsApiClasspath
org.jetbrains.kotlin:kotlin-daemon-embeddable:2.3.10=kotlinBuildToolsApiClasspath,kotlinCompilerClasspath,kotlinKlibCommonizerClasspath
org.jetbrains.kotlin:kotlin-klib-abi-reader:2.3.10=kotlinInternalAbiValidation
org.jetbrains.kotlin:kotlin-klib-commonizer-embeddable:2.3.10=kotlinKlibCommonizerClasspath
org.jetbrains.kotlin:kotlin-metadata-jvm:2.3.10=kotlinInternalAbiValidation
org.jetbrains.kotlin:kotlin-reflect:1.6.10=kotlinBuildToolsApiClasspath,kotlinCompilerClasspath,kotlinKlibCommonizerClasspath
org.jetbrains.kotlin:kotlin-reflect:2.0.21=dokkaHtmlGeneratorRuntimeResolver~internal
org.jetbrains.kotlin:kotlin-reflect:2.1.20=testRuntimeClasspath
org.jetbrains.kotlin:kotlin-script-runtime:2.3.10=kotlinBuildToolsApiClasspath,kotlinCompilerClasspath,kotlinCompilerPluginClasspathMain,kotlinCompilerPluginClasspathTest,kotlinKlibCommonizerClasspath
org.jetbrains.kotlin:kotlin-scripting-common:2.3.10=kotlinCompilerPluginClasspathMain,kotlinCompilerPluginClasspathTest
org.jetbrains.kotlin:kotlin-scripting-compiler-embeddable:2.3.10=kotlinCompilerPluginClasspathMain,kotlinCompilerPluginClasspathTest
org.jetbrains.kotlin:kotlin-scripting-compiler-impl-embeddable:2.3.10=kotlinCompilerPluginClasspathMain,kotlinCompilerPluginClasspathTest
org.jetbrains.kotlin:kotlin-scripting-jvm:2.3.10=kotlinCompilerPluginClasspathMain,kotlinCompilerPluginClasspathTest
org.jetbrains.kotlin:kotlin-stdlib-common:2.0.21=dokkaHtmlGeneratorRuntimeResolver~internal
org.jetbrains.kotlin:kotlin-stdlib-jdk7:1.8.20=dokkaHtmlGeneratorRuntimeResolver~internal
org.jetbrains.kotlin:kotlin-stdlib-jdk7:2.3.10=compileClasspath,runtimeClasspath,testCompileClasspath,testRuntimeClasspath
org.jetbrains.kotlin:kotlin-stdlib-jdk8:1.8.20=dokkaHtmlGeneratorRuntimeResolver~internal
org.jetbrains.kotlin:kotlin-stdlib-jdk8:2.3.10=compileClasspath,runtimeClasspath,testCompileClasspath,testRuntimeClasspath
org.jetbrains.kotlin:kotlin-stdlib:2.0.21=dokkaHtmlGeneratorRuntimeResolver~internal
org.jetbrains.kotlin:kotlin-stdlib:2.3.10=compileClasspath,kotlinBuildToolsApiClasspath,kotlinCompilerClasspath,kotlinCompilerPluginClasspathMain,kotlinCompilerPluginClasspathTest,kotlinInternalAbiValidation,kotlinKlibCommonizerClasspath,runtimeClasspath,testCompileClasspath,testRuntimeClasspath
org.jetbrains.kotlin:kotlin-test-junit5:2.3.10=testCompileClasspath,testRuntimeClasspath
org.jetbrains.kotlin:kotlin-test:2.3.10=testCompileClasspath,testRuntimeClasspath
org.jetbrains.kotlin:kotlin-tooling-core:2.3.10=kotlinBuildToolsApiClasspath
org.jetbrains.kotlinx:kotlinx-coroutines-bom:1.10.2=testCompileClasspath,testRuntimeClasspath
org.jetbrains.kotlinx:kotlinx-coroutines-bom:1.7.3=dokkaHtmlGeneratorRuntimeResolver~internal
org.jetbrains.kotlinx:kotlinx-coroutines-core-jvm:1.10.2=testCompileClasspath,testRuntimeClasspath
org.jetbrains.kotlinx:kotlinx-coroutines-core-jvm:1.7.3=dokkaHtmlGeneratorRuntimeResolver~internal
org.jetbrains.kotlinx:kotlinx-coroutines-core-jvm:1.8.0=kotlinBuildToolsApiClasspath,kotlinCompilerClasspath,kotlinKlibCommonizerClasspath
org.jetbrains.kotlinx:kotlinx-coroutines-core:1.10.2=testCompileClasspath,testRuntimeClasspath
org.jetbrains.kotlinx:kotlinx-coroutines-core:1.7.3=dokkaHtmlGeneratorRuntimeResolver~internal
org.jetbrains.kotlinx:kotlinx-html-jvm:0.9.1=dokkaHtmlGeneratorRuntimeResolver~internal
org.jetbrains:annotations:13.0=compileClasspath,kotlinBuildToolsApiClasspath,kotlinCompilerClasspath,kotlinCompilerPluginClasspathMain,kotlinCompilerPluginClasspathTest,kotlinInternalAbiValidation,kotlinKlibCommonizerClasspath,runtimeClasspath
org.jetbrains:annotations:23.0.0=dokkaHtmlGeneratorRuntimeResolver~internal,testCompileClasspath,testRuntimeClasspath
org.jetbrains:markdown-jvm:0.7.3=dokkaHtmlGeneratorRuntimeResolver~internal
org.jetbrains:markdown:0.7.3=dokkaHtmlGeneratorRuntimeResolver~internal
org.jsoup:jsoup:1.23.1=dokkaHtmlGeneratorRuntimeResolver~internal
org.jspecify:jspecify:1.0.0=testCompileClasspath,testRuntimeClasspath
org.junit.jupiter:junit-jupiter-api:5.10.1=testCompileClasspath,testRuntimeClasspath
org.junit.jupiter:junit-jupiter-engine:5.10.1=testRuntimeClasspath
org.junit.platform:junit-platform-commons:1.10.1=testCompileClasspath,testRuntimeClasspath
org.junit.platform:junit-platform-engine:1.10.1=testRuntimeClasspath
org.junit.platform:junit-platform-launcher:1.10.1=testRuntimeClasspath
org.junit:junit-bom:5.10.1=testCompileClasspath,testRuntimeClasspath
org.mockito.kotlin:mockito-kotlin:6.2.3=testCompileClasspath,testRuntimeClasspath
org.mockito:mockito-core:5.20.0=testCompileClasspath,testRuntimeClasspath
org.objenesis:objenesis:3.3=testRuntimeClasspath
org.opentest4j:opentest4j:1.3.0=testCompileClasspath,testRuntimeClasspath
org.ow2.asm:asm-commons:9.8=jacocoAnt
org.ow2.asm:asm-tree:9.8=jacocoAnt
org.ow2.asm:asm:9.8=jacocoAnt
org.slf4j:slf4j-api:2.0.16=compileClasspath,runtimeClasspath
org.slf4j:slf4j-api:2.0.17=testCompileClasspath,testRuntimeClasspath
org.slf4j:slf4j-simple:2.0.16=testRuntimeClasspath
org.wiremock:wiremock-jetty12:3.13.1=testCompileClasspath,testRuntimeClasspath
org.wiremock:wiremock:3.13.1=testCompileClasspath,testRuntimeClasspath
org.xmlunit:xmlunit-core:2.10.2=testCompileClasspath,testRuntimeClasspath
org.xmlunit:xmlunit-legacy:2.10.2=testCompileClasspath,testRuntimeClasspath
org.xmlunit:xmlunit-placeholders:2.10.2=testCompileClasspath,testRuntimeClasspath
org.yaml:snakeyaml:2.3=testCompileClasspath,testRuntimeClasspath
empty=annotationProcessor,dokkaHtmlModuleOutputDirectoriesResolver~internal,dokkaHtmlPublicationPluginResolver~internal,implementationDependenciesMetadata,kotlinCompilerPluginClasspath,kotlinNativeCompilerPluginClasspath,kotlinScriptDefExtensions,testAnnotationProcessor,testImplementationDependenciesMetadata,testKotlinScriptDefExtensions
